{
  "nodes": {
    "crane": {
      "flake": false,
      "locked": {
        "lastModified": 1727316705,
        "narHash": "sha256-/mumx8AQ5xFuCJqxCIOFCHTVlxHkMT21idpbgbm/TIE=",
        "owner": "ipetkov",
        "repo": "crane",
        "rev": "5b03654ce046b5167e7b0bccbd8244cb56c16f0e",
        "type": "github"
      },
      "original": {
        "owner": "ipetkov",
        "ref": "v0.19.0",
        "repo": "crane",
        "type": "github"
      }
    },
    "dream2nix": {
      "inputs": {
        "nixpkgs": [
          "nci",
          "nixpkgs"
        ],
        "purescript-overlay": "purescript-overlay",
        "pyproject-nix": "pyproject-nix"
      },
      "locked": {
        "lastModified": 1754978539,
        "narHash": "sha256-nrDovydywSKRbWim9Ynmgj8SBm8LK3DI2WuhIqzOHYI=",
        "owner": "nix-community",
        "repo": "dream2nix",
        "rev": "fbec3263cb4895ac86ee9506cdc4e6919a1a2214",
        "type": "github"
      },
      "original": {
        "owner": "nix-community",
        "repo": "dream2nix",
        "type": "github"
      }
    },
    "flake-compat": {
      "flake": false,
      "locked": {
        "lastModified": 1696426674,
        "narHash": "sha256-kvjfFW7WAETZlt09AgDn1MrtKzP7t90Vf7vypd3OL1U=",
        "owner": "edolstra",
        "repo": "flake-compat",
        "rev": "0f9255e01c2351cc7d116c072cb317785dd33b33",
        "type": "github"
      },
      "original": {
        "owner": "edolstra",
        "repo": "flake-compat",
        "type": "github"
      }
    },
    "mk-naked-shell": {
      "flake": false,
      "locked": {
        "lastModified": 1681286841,
        "narHash": "sha256-3XlJrwlR0nBiREnuogoa5i1b4+w/XPe0z8bbrJASw0g=",
        "owner": "yusdacra",
        "repo": "mk-naked-shell",
        "rev": "7612f828dd6f22b7fb332cc69440e839d7ffe6bd",
        "type": "github"
      },
      "original": {
        "owner": "yusdacra",
        "repo": "mk-naked-shell",
        "type": "github"
      }
    },
    "nci": {
      "inputs": {
        "crane": "crane",
        "dream2nix": "dream2nix",
        "mk-naked-shell": "mk-naked-shell",
        "nixpkgs": [
          "nixpkgs"
        ],
        "parts": "parts",
        "rust-overlay": "rust-overlay",
        "treefmt": "treefmt"
      },
      "locked": {
        "lastModified": 1755498111,
        "narHash": "sha256-X5+eqYhVvYS+k/pvTxYNu9C86os8lV4Rgkp8WLsdckU=",
        "owner": "yusdacra",
        "repo": "nix-cargo-integration",
        "rev": "f75520f329aeb2933cd888b61e76259355741f1e",
        "type": "github"
      },
      "original": {
        "owner": "yusdacra",
        "repo": "nix-cargo-integration",
        "type": "github"
      }
    },
    "nixpkgs": {
      "locked": {
        "lastModified": 1755186698,
        "narHash": "sha256-wNO3+Ks2jZJ4nTHMuks+cxAiVBGNuEBXsT29Bz6HASo=",
        "owner": "nixos",
        "repo": "nixpkgs",
        "rev": "fbcf476f790d8a217c3eab4e12033dc4a0f6d23c",
        "type": "github"
      },
      "original": {
        "owner": "nixos",
        "ref": "nixos-unstable",
        "repo": "nixpkgs",
        "type": "github"
      }
    },
    "nu_plugin_audio_hook": {
      "flake": false,
      "locked": {
        "lastModified": 1755393216,
        "narHash": "sha256-2JVMuOwqB7dNbR/ZQtd8SkeTuFChsAy6te/Z2gUlm48=",
        "owner": "FMotalleb",
        "repo": "nu_plugin_audio_hook",
        "rev": "578c0140ee229796650a66bb391ef25fe24c2145",
        "type": "github"
      },
      "original": {
        "owner": "FMotalleb",
        "repo": "nu_plugin_audio_hook",
        "type": "github"
      }
    },
    "nu_plugin_clipboard": {
      "flake": false,
      "locked": {
        "lastModified": 1755391991,
        "narHash": "sha256-ZfEZDbz2aMD2AG5MumyY6OcqByKAsMKjyUV/2nCZWYQ=",
        "owner": "FMotalleb",
        "repo": "nu_plugin_clipboard",
        "rev": "d9f7cc00f3f37355aba8796f8c2ea3f04df4e3e1",
        "type": "github"
      },
      "original": {
        "owner": "FMotalleb",
        "repo": "nu_plugin_clipboard",
        "type": "github"
      }
    },
    "nu_plugin_compress": {
      "flake": false,
      "locked": {
        "lastModified": 1753398519,
        "narHash": "sha256-On4Pdez5Z1kHmLU1g8ajqKTIV032uIch4cdvsPslPRE=",
        "owner": "yybit",
        "repo": "nu_plugin_compress",
        "rev": "52264d0d7d15a4087c54cd32811163fea9441e23",
        "type": "github"
      },
      "original": {
        "owner": "yybit",
        "repo": "nu_plugin_compress",
        "type": "github"
      }
    },
    "nu_plugin_desktop_notifications": {
      "flake": false,
      "locked": {
        "lastModified": 1755392333,
        "narHash": "sha256-frp3IDFe63Nyck2LZeAZl5hHA+8VVggvrQaMon1pXmQ=",
        "owner": "FMotalleb",
        "repo": "nu_plugin_desktop_notifications",
        "rev": "b752d938075edd76da011252baf3a3ff2a715d50",
        "type": "github"
      },
      "original": {
        "owner": "FMotalleb",
        "repo": "nu_plugin_desktop_notifications",
        "type": "github"
      }
    },
    "nu_plugin_file": {
      "flake": false,
      "locked": {
        "lastModified": 1753364645,
        "narHash": "sha256-GyZlyEiOlL745fjMVPLEHwQGCFPq3LEhI9dezRp2PRc=",
        "owner": "fdncred",
        "repo": "nu_plugin_file",
        "rev": "9331b9b163e5f14eb4142e1b088bb69601fff3cf",
        "type": "github"
      },
      "original": {
        "owner": "fdncred",
        "repo": "nu_plugin_file",
        "type": "github"
      }
    },
    "nu_plugin_mime": {
      "flake": false,
      "locked": {
        "lastModified": 1754212146,
        "narHash": "sha256-+9iUC+4Tjk4pS4Ftfyygr2pCqA1ttT97VYy9GEGFN4s=",
        "owner": "kik4444",
        "repo": "nu_plugin_mime",
        "rev": "652cefb2a98b15ead9aa6c222e775ba94d15afbd",
        "type": "github"
      },
      "original": {
        "owner": "kik4444",
        "repo": "nu_plugin_mime",
        "type": "github"
      }
    },
    "nu_plugin_plotters": {
      "flake": false,
      "locked": {
        "lastModified": 1753696069,
        "narHash": "sha256-yBOWxlAxReZLNZVfmlTkUOkOr3oSRJQAr3cWUTkqTzI=",
        "owner": "cptpiepmatz",
        "repo": "nu-jupyter-kernel",
        "rev": "d13485f9bcf2ac450dead163be70081ec290cb52",
        "type": "github"
      },
      "original": {
        "owner": "cptpiepmatz",
        "repo": "nu-jupyter-kernel",
        "type": "github"
      }
    },
    "nu_plugin_port_extension": {
      "flake": false,
      "locked": {
        "lastModified": 1755392981,
        "narHash": "sha256-7qqFcqK3zqpwUZa6tHAGiedfFjyda8GJVtWKubOOhSc=",
        "owner": "FMotalleb",
        "repo": "nu_plugin_port_extension",
        "rev": "fac1f5df06b65f1bb827262bb35f1332eee76cad",
        "type": "github"
      },
      "original": {
        "owner": "FMotalleb",
        "repo": "nu_plugin_port_extension",
        "type": "github"
      }
    },
    "nu_plugin_prometheus": {
      "flake": false,
      "locked": {
        "lastModified": 1746556263,
        "narHash": "sha256-bcAzfSaSvxOvlyJAmaxLHaPbGxhvVShawZ8mGTEABAY=",
        "owner": "drbrain",
        "repo": "nu_plugin_prometheus",
        "rev": "4a006851e56ceb474b93fc3f2d1980304065fce4",
        "type": "github"
      },
      "original": {
        "owner": "drbrain",
        "repo": "nu_plugin_prometheus",
        "type": "github"
      }
    },
    "nu_plugin_regex": {
      "flake": false,
      "locked": {
        "lastModified": 1753368394,
        "narHash": "sha256-VFIrooG6BMIPmrI5X2+IcUiZYbCW1eSOVrczWk6hbHQ=",
        "owner": "fdncred",
        "repo": "nu_plugin_regex",
        "rev": "e5cf15d999222197203cde1780664cd2bcd963ec",
        "type": "github"
      },
      "original": {
        "owner": "fdncred",
        "repo": "nu_plugin_regex",
        "type": "github"
      }
    },
    "nu_plugin_semver": {
      "flake": false,
      "locked": {
        "lastModified": 1754983785,
        "narHash": "sha256-Nz8UzXTK6yrlF/oLlKiJRAkG8Xyn307B9jLZa5HzmRc=",
        "owner": "abusch",
        "repo": "nu_plugin_semver",
        "rev": "9ed6a4d5414cbd0fd635d8c91b1da5a4f9e00cf5",
        "type": "github"
      },
      "original": {
        "owner": "abusch",
        "repo": "nu_plugin_semver",
        "type": "github"
      }
    },
    "nu_plugin_skim": {
      "flake": false,
      "locked": {
        "lastModified": 1753569903,
        "narHash": "sha256-bTVO5qLaxdSbgy0ybQJhUYa3imQSP5I6Vlban1qJeJg=",
        "owner": "idanarye",
        "repo": "nu_plugin_skim",
        "rev": "d04657f48ea8b2bde120daadae6a4177802772c0",
        "type": "github"
      },
      "original": {
        "owner": "idanarye",
        "repo": "nu_plugin_skim",
        "type": "github"
      }
    },
    "nu_plugin_strutils": {
      "flake": false,
      "locked": {
        "lastModified": 1753368697,
        "narHash": "sha256-XOxx0I8xWtGwst4gCbl4EBZ35N/jEaRJkSAz8FvMeOE=",
        "owner": "fdncred",
        "repo": "nu_plugin_strutils",
        "rev": "57225d9517c547eefa43fb13eb19d0fea1d3532a",
        "type": "github"
      },
      "original": {
        "owner": "fdncred",
        "repo": "nu_plugin_strutils",
        "type": "github"
      }
    },
    "nu_plugin_ulid": {
      "flake": false,
      "locked": {
        "lastModified": 1753409035,
        "narHash": "sha256-Zp+6FLQWuzQX9/6+LWg2kLzSxak/v9CKmRhi9kRnppo=",
        "owner": "lizclipse",
        "repo": "nu_plugin_ulid",
        "rev": "d5396e9418299e535b593484a921ddb7b0a1e5ed",
        "type": "github"
      },
      "original": {
        "owner": "lizclipse",
        "repo": "nu_plugin_ulid",
        "type": "github"
      }
    },
    "parts": {
      "inputs": {
        "nixpkgs-lib": [
          "nci",
          "nixpkgs"
        ]
      },
      "locked": {
        "lastModified": 1754487366,
        "narHash": "sha256-pHYj8gUBapuUzKV/kN/tR3Zvqc7o6gdFB9XKXIp1SQ8=",
        "owner": "hercules-ci",
        "repo": "flake-parts",
        "rev": "af66ad14b28a127c5c0f3bbb298218fc63528a18",
        "type": "github"
      },
      "original": {
        "owner": "hercules-ci",
        "repo": "flake-parts",
        "type": "github"
      }
    },
    "parts_2": {
      "inputs": {
        "nixpkgs-lib": [
          "nixpkgs"
        ]
      },
      "locked": {
        "lastModified": 1754487366,
        "narHash": "sha256-pHYj8gUBapuUzKV/kN/tR3Zvqc7o6gdFB9XKXIp1SQ8=",
        "owner": "hercules-ci",
        "repo": "flake-parts",
        "rev": "af66ad14b28a127c5c0f3bbb298218fc63528a18",
        "type": "github"
      },
      "original": {
        "owner": "hercules-ci",
        "repo": "flake-parts",
        "type": "github"
      }
    },
    "purescript-overlay": {
      "inputs": {
        "flake-compat": "flake-compat",
        "nixpkgs": [
          "nci",
          "dream2nix",
          "nixpkgs"
        ],
        "slimlock": "slimlock"
      },
      "locked": {
        "lastModified": 1728546539,
        "narHash": "sha256-Sws7w0tlnjD+Bjck1nv29NjC5DbL6nH5auL9Ex9Iz2A=",
        "owner": "thomashoneyman",
        "repo": "purescript-overlay",
        "rev": "4ad4c15d07bd899d7346b331f377606631eb0ee4",
        "type": "github"
      },
      "original": {
        "owner": "thomashoneyman",
        "repo": "purescript-overlay",
        "type": "github"
      }
    },
    "pyproject-nix": {
      "inputs": {
        "nixpkgs": [
          "nci",
          "dream2nix",
          "nixpkgs"
        ]
      },
      "locked": {
        "lastModified": 1752481895,
        "narHash": "sha256-luVj97hIMpCbwhx3hWiRwjP2YvljWy8FM+4W9njDhLA=",
        "owner": "pyproject-nix",
        "repo": "pyproject.nix",
        "rev": "16ee295c25107a94e59a7fc7f2e5322851781162",
        "type": "github"
      },
      "original": {
        "owner": "pyproject-nix",
        "repo": "pyproject.nix",
        "type": "github"
      }
    },
    "root": {
      "inputs": {
        "nci": "nci",
        "nixpkgs": "nixpkgs",
        "nu_plugin_audio_hook": "nu_plugin_audio_hook",
        "nu_plugin_clipboard": "nu_plugin_clipboard",
        "nu_plugin_compress": "nu_plugin_compress",
        "nu_plugin_desktop_notifications": "nu_plugin_desktop_notifications",
        "nu_plugin_file": "nu_plugin_file",
        "nu_plugin_mime": "nu_plugin_mime",
        "nu_plugin_plotters": "nu_plugin_plotters",
        "nu_plugin_port_extension": "nu_plugin_port_extension",
        "nu_plugin_prometheus": "nu_plugin_prometheus",
        "nu_plugin_regex": "nu_plugin_regex",
        "nu_plugin_semver": "nu_plugin_semver",
        "nu_plugin_skim": "nu_plugin_skim",
        "nu_plugin_strutils": "nu_plugin_strutils",
        "nu_plugin_ulid": "nu_plugin_ulid",
        "parts": "parts_2"
      }
    },
    "rust-overlay": {
      "inputs": {
        "nixpkgs": [
          "nci",
          "nixpkgs"
        ]
      },
      "locked": {
        "lastModified": 1755485198,
        "narHash": "sha256-C3042ST2lUg0nh734gmuP4lRRIBitA6Maegg2/jYRM4=",
        "owner": "oxalica",
        "repo": "rust-overlay",
        "rev": "aa45e63d431b28802ca4490cfc796b9e31731df7",
        "type": "github"
      },
      "original": {
        "owner": "oxalica",
        "repo": "rust-overlay",
        "type": "github"
      }
    },
    "slimlock": {
      "inputs": {
        "nixpkgs": [
          "nci",
          "dream2nix",
          "purescript-overlay",
          "nixpkgs"
        ]
      },
      "locked": {
        "lastModified": 1688756706,
        "narHash": "sha256-xzkkMv3neJJJ89zo3o2ojp7nFeaZc2G0fYwNXNJRFlo=",
        "owner": "thomashoneyman",
        "repo": "slimlock",
        "rev": "cf72723f59e2340d24881fd7bf61cb113b4c407c",
        "type": "github"
      },
      "original": {
        "owner": "thomashoneyman",
        "repo": "slimlock",
        "type": "github"
      }
    },
    "treefmt": {
      "inputs": {
        "nixpkgs": [
          "nci",
          "nixpkgs"
        ]
      },
      "locked": {
        "lastModified": 1754847726,
        "narHash": "sha256-2vX8QjO5lRsDbNYvN9hVHXLU6oMl+V/PsmIiJREG4rE=",
        "owner": "numtide",
        "repo": "treefmt-nix",
        "rev": "7d81f6fb2e19bf84f1c65135d1060d829fae2408",
        "type": "github"
      },
      "original": {
        "owner": "numtide",
        "repo": "treefmt-nix",
        "type": "github"
      }
    }
  },
  "root": "root",
  "version": 7
}
