{
  "nodes": {
    "crane": {
      "flake": false,
      "locked": {
        "lastModified": 1727316705,
        "narHash": "sha256-/mumx8AQ5xFuCJqxCIOFCHTVlxHkMT21idpbgbm/TIE=",
        "owner": "ipetkov",
        "repo": "crane",
        "rev": "5b03654ce046b5167e7b0bccbd8244cb56c16f0e",
        "type": "github"
      },
      "original": {
        "owner": "ipetkov",
        "ref": "v0.19.0",
        "repo": "crane",
        "type": "github"
      }
    },
    "dream2nix": {
      "inputs": {
        "nixpkgs": [
          "nci",
          "nixpkgs"
        ],
        "purescript-overlay": "purescript-overlay",
        "pyproject-nix": "pyproject-nix"
      },
      "locked": {
        "lastModified": 1747658429,
        "narHash": "sha256-qZWuEdxmPx818qR61t3mMozJOvZSmTRUDPU4L3JeGgE=",
        "owner": "nix-community",
        "repo": "dream2nix",
        "rev": "6fd6d9188f32efd1e1656b3c3e63a67f9df7b636",
        "type": "github"
      },
      "original": {
        "owner": "nix-community",
        "repo": "dream2nix",
        "type": "github"
      }
    },
    "flake-compat": {
      "flake": false,
      "locked": {
        "lastModified": 1696426674,
        "narHash": "sha256-kvjfFW7WAETZlt09AgDn1MrtKzP7t90Vf7vypd3OL1U=",
        "owner": "edolstra",
        "repo": "flake-compat",
        "rev": "0f9255e01c2351cc7d116c072cb317785dd33b33",
        "type": "github"
      },
      "original": {
        "owner": "edolstra",
        "repo": "flake-compat",
        "type": "github"
      }
    },
    "mk-naked-shell": {
      "flake": false,
      "locked": {
        "lastModified": 1681286841,
        "narHash": "sha256-3XlJrwlR0nBiREnuogoa5i1b4+w/XPe0z8bbrJASw0g=",
        "owner": "yusdacra",
        "repo": "mk-naked-shell",
        "rev": "7612f828dd6f22b7fb332cc69440e839d7ffe6bd",
        "type": "github"
      },
      "original": {
        "owner": "yusdacra",
        "repo": "mk-naked-shell",
        "type": "github"
      }
    },
    "nci": {
      "inputs": {
        "crane": "crane",
        "dream2nix": "dream2nix",
        "mk-naked-shell": "mk-naked-shell",
        "nixpkgs": [
          "nixpkgs"
        ],
        "parts": "parts",
        "rust-overlay": "rust-overlay",
        "treefmt": "treefmt"
      },
      "locked": {
        "lastModified": 1747981089,
        "narHash": "sha256-OwTWQNWHz09iS6nDT4pNFt8RlUBoJiZHZ7smPLfDv1c=",
        "owner": "yusdacra",
        "repo": "nix-cargo-integration",
        "rev": "cd5ce2776262e1efabc2871b7518c358809772dc",
        "type": "github"
      },
      "original": {
        "owner": "yusdacra",
        "repo": "nix-cargo-integration",
        "type": "github"
      }
    },
    "nixpkgs": {
      "locked": {
        "lastModified": 1747744144,
        "narHash": "sha256-W7lqHp0qZiENCDwUZ5EX/lNhxjMdNapFnbErcbnP11Q=",
        "owner": "nixos",
        "repo": "nixpkgs",
        "rev": "2795c506fe8fb7b03c36ccb51f75b6df0ab2553f",
        "type": "github"
      },
      "original": {
        "owner": "nixos",
        "ref": "nixos-unstable",
        "repo": "nixpkgs",
        "type": "github"
      }
    },
    "nu_plugin_audio_hook": {
      "flake": false,
      "locked": {
        "lastModified": 1746452247,
        "narHash": "sha256-1kG3+CCWtQ7M86u/KLHWs3xQu4IurH+VzsJmMbE1GGs=",
        "owner": "FMotalleb",
        "repo": "nu_plugin_audio_hook",
        "rev": "a67c093edcf0e9005f134e2d821a44ff8420f092",
        "type": "github"
      },
      "original": {
        "owner": "FMotalleb",
        "repo": "nu_plugin_audio_hook",
        "type": "github"
      }
    },
    "nu_plugin_clipboard": {
      "flake": false,
      "locked": {
        "lastModified": 1746447748,
        "narHash": "sha256-JUjZlWx2RtphrZhSX4Fgb8r9Y1kxs3HNt4CyuxpiDcA=",
        "owner": "FMotalleb",
        "repo": "nu_plugin_clipboard",
        "rev": "0f91062388d5bc3346325f6029c5fa3691715a76",
        "type": "github"
      },
      "original": {
        "owner": "FMotalleb",
        "repo": "nu_plugin_clipboard",
        "type": "github"
      }
    },
    "nu_plugin_desktop_notifications": {
      "flake": false,
      "locked": {
        "lastModified": 1746451304,
        "narHash": "sha256-ZQ1zOYcGTfHhRAnDxVxcZ740yF2nccIOWL+yuShhs0Y=",
        "owner": "FMotalleb",
        "repo": "nu_plugin_desktop_notifications",
        "rev": "de4464bf6ce6503977ee2bd41f11aeabc49214aa",
        "type": "github"
      },
      "original": {
        "owner": "FMotalleb",
        "repo": "nu_plugin_desktop_notifications",
        "type": "github"
      }
    },
    "nu_plugin_emoji": {
      "flake": false,
      "locked": {
        "lastModified": 1746049367,
        "narHash": "sha256-PC6ALLp/PWDbtoxMfx3JuEJXvRm1a49k7+I1L0sDdN8=",
        "owner": "fdncred",
        "repo": "nu_plugin_emoji",
        "rev": "e075b2416f798bf94a1dc7404571ddf82165cd45",
        "type": "github"
      },
      "original": {
        "owner": "fdncred",
        "repo": "nu_plugin_emoji",
        "type": "github"
      }
    },
    "nu_plugin_file": {
      "flake": false,
      "locked": {
        "lastModified": 1746049461,
        "narHash": "sha256-ORx8BlIi7peozUBsF7N1Kq+a1c8mxp+ReloltHBtYXc=",
        "owner": "fdncred",
        "repo": "nu_plugin_file",
        "rev": "1ee255ddb2a773c1f683acf43c4cf3a9e195a7c5",
        "type": "github"
      },
      "original": {
        "owner": "fdncred",
        "repo": "nu_plugin_file",
        "type": "github"
      }
    },
    "nu_plugin_semver": {
      "flake": false,
      "locked": {
        "lastModified": 1746063209,
        "narHash": "sha256-VTMaZUYgb7wZqiZmd5IVxQsjbHx3QC75VQQdJqaCvfY=",
        "owner": "abusch",
        "repo": "nu_plugin_semver",
        "rev": "9b58fea10c5bb4274accc7e0f6f4f901ed4208a4",
        "type": "github"
      },
      "original": {
        "owner": "abusch",
        "repo": "nu_plugin_semver",
        "type": "github"
      }
    },
    "nu_plugin_sled": {
      "flake": false,
      "locked": {
        "lastModified": 1746647102,
        "narHash": "sha256-SLRkzGR0csXxlt+MgbYsB2ypIGCZ52kkO4pEAnp2AWI=",
        "owner": "mrxiaozhuox",
        "repo": "nu_plugin_sled",
        "rev": "e129c66f955312b452a265985a55ba06a8497741",
        "type": "github"
      },
      "original": {
        "owner": "mrxiaozhuox",
        "repo": "nu_plugin_sled",
        "type": "github"
      }
    },
    "nu_plugin_strutils": {
      "flake": false,
      "locked": {
        "lastModified": 1747156007,
        "narHash": "sha256-rjespKr+Xd4PwSiFO1sKPu034aVcMbpwnhfXDP/FSrw=",
        "owner": "fdncred",
        "repo": "nu_plugin_strutils",
        "rev": "4b884b4ba959fec2542fd8193f84ebb6b69a6713",
        "type": "github"
      },
      "original": {
        "owner": "fdncred",
        "repo": "nu_plugin_strutils",
        "type": "github"
      }
    },
    "nu_plugin_ulid": {
      "flake": false,
      "locked": {
        "lastModified": 1747081519,
        "narHash": "sha256-6flvsk1tfn2OtTqa5OHqBi5+T7BFh6j7FKgt9mTLNkY=",
        "owner": "lizclipse",
        "repo": "nu_plugin_ulid",
        "rev": "f77220b1c78ff2c5ff128b4a0db8d1fcddd9858f",
        "type": "github"
      },
      "original": {
        "owner": "lizclipse",
        "repo": "nu_plugin_ulid",
        "type": "github"
      }
    },
    "nu_plugin_vec": {
      "flake": false,
      "locked": {
        "lastModified": 1742637281,
        "narHash": "sha256-LIkke9qfqdDizTQxC1VU6T8s0m3/FamVw8mQx5LzZAU=",
        "owner": "PhotonBursted",
        "repo": "nu_plugin_vec",
        "rev": "004ae22eb95d29b009054d2034ac729ded0c9e3f",
        "type": "github"
      },
      "original": {
        "owner": "PhotonBursted",
        "repo": "nu_plugin_vec",
        "type": "github"
      }
    },
    "parts": {
      "inputs": {
        "nixpkgs-lib": [
          "nci",
          "nixpkgs"
        ]
      },
      "locked": {
        "lastModified": 1743550720,
        "narHash": "sha256-hIshGgKZCgWh6AYJpJmRgFdR3WUbkY04o82X05xqQiY=",
        "owner": "hercules-ci",
        "repo": "flake-parts",
        "rev": "c621e8422220273271f52058f618c94e405bb0f5",
        "type": "github"
      },
      "original": {
        "owner": "hercules-ci",
        "repo": "flake-parts",
        "type": "github"
      }
    },
    "parts_2": {
      "inputs": {
        "nixpkgs-lib": [
          "nixpkgs"
        ]
      },
      "locked": {
        "lastModified": 1743550720,
        "narHash": "sha256-hIshGgKZCgWh6AYJpJmRgFdR3WUbkY04o82X05xqQiY=",
        "owner": "hercules-ci",
        "repo": "flake-parts",
        "rev": "c621e8422220273271f52058f618c94e405bb0f5",
        "type": "github"
      },
      "original": {
        "owner": "hercules-ci",
        "repo": "flake-parts",
        "type": "github"
      }
    },
    "purescript-overlay": {
      "inputs": {
        "flake-compat": "flake-compat",
        "nixpkgs": [
          "nci",
          "dream2nix",
          "nixpkgs"
        ],
        "slimlock": "slimlock"
      },
      "locked": {
        "lastModified": 1728546539,
        "narHash": "sha256-Sws7w0tlnjD+Bjck1nv29NjC5DbL6nH5auL9Ex9Iz2A=",
        "owner": "thomashoneyman",
        "repo": "purescript-overlay",
        "rev": "4ad4c15d07bd899d7346b331f377606631eb0ee4",
        "type": "github"
      },
      "original": {
        "owner": "thomashoneyman",
        "repo": "purescript-overlay",
        "type": "github"
      }
    },
    "pyproject-nix": {
      "flake": false,
      "locked": {
        "lastModified": 1702448246,
        "narHash": "sha256-hFg5s/hoJFv7tDpiGvEvXP0UfFvFEDgTdyHIjDVHu1I=",
        "owner": "davhau",
        "repo": "pyproject.nix",
        "rev": "5a06a2697b228c04dd2f35659b4b659ca74f7aeb",
        "type": "github"
      },
      "original": {
        "owner": "davhau",
        "ref": "dream2nix",
        "repo": "pyproject.nix",
        "type": "github"
      }
    },
    "root": {
      "inputs": {
        "nci": "nci",
        "nixpkgs": "nixpkgs",
        "nu_plugin_audio_hook": "nu_plugin_audio_hook",
        "nu_plugin_clipboard": "nu_plugin_clipboard",
        "nu_plugin_desktop_notifications": "nu_plugin_desktop_notifications",
        "nu_plugin_emoji": "nu_plugin_emoji",
        "nu_plugin_file": "nu_plugin_file",
        "nu_plugin_semver": "nu_plugin_semver",
        "nu_plugin_sled": "nu_plugin_sled",
        "nu_plugin_strutils": "nu_plugin_strutils",
        "nu_plugin_ulid": "nu_plugin_ulid",
        "nu_plugin_vec": "nu_plugin_vec",
        "parts": "parts_2"
      }
    },
    "rust-overlay": {
      "inputs": {
        "nixpkgs": [
          "nci",
          "nixpkgs"
        ]
      },
      "locked": {
        "lastModified": 1747967795,
        "narHash": "sha256-76s4jDRbQzxRO+5y8ilMp5V30qVgY9R6n8U7aOap8ig=",
        "owner": "oxalica",
        "repo": "rust-overlay",
        "rev": "f1d5bfa8c692cacd798a3e1fb93d54c1b9ac701a",
        "type": "github"
      },
      "original": {
        "owner": "oxalica",
        "repo": "rust-overlay",
        "type": "github"
      }
    },
    "slimlock": {
      "inputs": {
        "nixpkgs": [
          "nci",
          "dream2nix",
          "purescript-overlay",
          "nixpkgs"
        ]
      },
      "locked": {
        "lastModified": 1688756706,
        "narHash": "sha256-xzkkMv3neJJJ89zo3o2ojp7nFeaZc2G0fYwNXNJRFlo=",
        "owner": "thomashoneyman",
        "repo": "slimlock",
        "rev": "cf72723f59e2340d24881fd7bf61cb113b4c407c",
        "type": "github"
      },
      "original": {
        "owner": "thomashoneyman",
        "repo": "slimlock",
        "type": "github"
      }
    },
    "treefmt": {
      "inputs": {
        "nixpkgs": [
          "nci",
          "nixpkgs"
        ]
      },
      "locked": {
        "lastModified": 1747912973,
        "narHash": "sha256-XgxghfND8TDypxsMTPU2GQdtBEsHTEc3qWE6RVEk8O0=",
        "owner": "numtide",
        "repo": "treefmt-nix",
        "rev": "020cb423808365fa3f10ff4cb8c0a25df35065a3",
        "type": "github"
      },
      "original": {
        "owner": "numtide",
        "repo": "treefmt-nix",
        "type": "github"
      }
    }
  },
  "root": "root",
  "version": 7
}
