{
  "nodes": {
    "crane": {
      "flake": false,
      "locked": {
        "lastModified": 1727316705,
        "narHash": "sha256-/mumx8AQ5xFuCJqxCIOFCHTVlxHkMT21idpbgbm/TIE=",
        "owner": "ipetkov",
        "repo": "crane",
        "rev": "5b03654ce046b5167e7b0bccbd8244cb56c16f0e",
        "type": "github"
      },
      "original": {
        "owner": "ipetkov",
        "ref": "v0.19.0",
        "repo": "crane",
        "type": "github"
      }
    },
    "dream2nix": {
      "inputs": {
        "nixpkgs": [
          "nci",
          "nixpkgs"
        ],
        "purescript-overlay": "purescript-overlay",
        "pyproject-nix": "pyproject-nix"
      },
      "locked": {
        "lastModified": 1752547840,
        "narHash": "sha256-T6wYez5urMcY8oUetwOIqPcqj77Ey3qka7wQsi6YCd4=",
        "owner": "nix-community",
        "repo": "dream2nix",
        "rev": "667ba5ee25c95cf63ace92307db270e235dce66e",
        "type": "github"
      },
      "original": {
        "owner": "nix-community",
        "repo": "dream2nix",
        "type": "github"
      }
    },
    "flake-compat": {
      "flake": false,
      "locked": {
        "lastModified": 1696426674,
        "narHash": "sha256-kvjfFW7WAETZlt09AgDn1MrtKzP7t90Vf7vypd3OL1U=",
        "owner": "edolstra",
        "repo": "flake-compat",
        "rev": "0f9255e01c2351cc7d116c072cb317785dd33b33",
        "type": "github"
      },
      "original": {
        "owner": "edolstra",
        "repo": "flake-compat",
        "type": "github"
      }
    },
    "mk-naked-shell": {
      "flake": false,
      "locked": {
        "lastModified": 1681286841,
        "narHash": "sha256-3XlJrwlR0nBiREnuogoa5i1b4+w/XPe0z8bbrJASw0g=",
        "owner": "yusdacra",
        "repo": "mk-naked-shell",
        "rev": "7612f828dd6f22b7fb332cc69440e839d7ffe6bd",
        "type": "github"
      },
      "original": {
        "owner": "yusdacra",
        "repo": "mk-naked-shell",
        "type": "github"
      }
    },
    "nci": {
      "inputs": {
        "crane": "crane",
        "dream2nix": "dream2nix",
        "mk-naked-shell": "mk-naked-shell",
        "nixpkgs": [
          "nixpkgs"
        ],
        "parts": "parts",
        "rust-overlay": "rust-overlay",
        "treefmt": "treefmt"
      },
      "locked": {
        "lastModified": 1752646824,
        "narHash": "sha256-LJ/Z0oox1YB3hSj+Ywob95gx45fDp0KJ6zUe52ecAO0=",
        "owner": "yusdacra",
        "repo": "nix-cargo-integration",
        "rev": "1475ec112c657053a9257200f2b45fd767d3a3a7",
        "type": "github"
      },
      "original": {
        "owner": "yusdacra",
        "repo": "nix-cargo-integration",
        "type": "github"
      }
    },
    "nixpkgs": {
      "locked": {
        "lastModified": 1752480373,
        "narHash": "sha256-JHQbm+OcGp32wAsXTE/FLYGNpb+4GLi5oTvCxwSoBOA=",
        "owner": "nixos",
        "repo": "nixpkgs",
        "rev": "62e0f05ede1da0d54515d4ea8ce9c733f12d9f08",
        "type": "github"
      },
      "original": {
        "owner": "nixos",
        "ref": "nixos-unstable",
        "repo": "nixpkgs",
        "type": "github"
      }
    },
    "nu_plugin_audio_hook": {
      "flake": false,
      "locked": {
        "lastModified": 1750866888,
        "narHash": "sha256-brg+vLruzEmo4PEqSKrT4kvkoppQOoF8xh3CnqhxVHM=",
        "owner": "FMotalleb",
        "repo": "nu_plugin_audio_hook",
        "rev": "c3083fd2798630d3036038ae78cef21ee27148aa",
        "type": "github"
      },
      "original": {
        "owner": "FMotalleb",
        "repo": "nu_plugin_audio_hook",
        "type": "github"
      }
    },
    "nu_plugin_clipboard": {
      "flake": false,
      "locked": {
        "lastModified": 1750866960,
        "narHash": "sha256-xzhqpp4ceg7pNKBkpbW7XP2nLum/jJHU1SFVmSEQ5lA=",
        "owner": "FMotalleb",
        "repo": "nu_plugin_clipboard",
        "rev": "c205d70832b1a93e73b87ff30653541f0fb357f0",
        "type": "github"
      },
      "original": {
        "owner": "FMotalleb",
        "repo": "nu_plugin_clipboard",
        "type": "github"
      }
    },
    "nu_plugin_desktop_notifications": {
      "flake": false,
      "locked": {
        "lastModified": 1752541056,
        "narHash": "sha256-A7K/3xSUV/FmnIEUqE0SCa1TFygw+H3JkvWAPGDaKaA=",
        "owner": "FMotalleb",
        "repo": "nu_plugin_desktop_notifications",
        "rev": "d4163c596fb058e3b9a648a09ec599f83f9ae0c6",
        "type": "github"
      },
      "original": {
        "owner": "FMotalleb",
        "repo": "nu_plugin_desktop_notifications",
        "type": "github"
      }
    },
    "nu_plugin_emoji": {
      "flake": false,
      "locked": {
        "lastModified": 1750173344,
        "narHash": "sha256-4xofeXtH5l//DN4CDDTYXAKJ8tITeXzmqQOtuuleL8s=",
        "owner": "fdncred",
        "repo": "nu_plugin_emoji",
        "rev": "518b1244f306ec9262ba42941fd88d18feb79d1b",
        "type": "github"
      },
      "original": {
        "owner": "fdncred",
        "repo": "nu_plugin_emoji",
        "type": "github"
      }
    },
    "nu_plugin_file": {
      "flake": false,
      "locked": {
        "lastModified": 1750173603,
        "narHash": "sha256-n/E7CpRLZvg+NWI+n3VzE+qrTKrpBbFNfSsHZEqRNiU=",
        "owner": "fdncred",
        "repo": "nu_plugin_file",
        "rev": "ee1157c3f8f0e7b326bb0477f20d98b3d98759b9",
        "type": "github"
      },
      "original": {
        "owner": "fdncred",
        "repo": "nu_plugin_file",
        "type": "github"
      }
    },
    "nu_plugin_plotters": {
      "flake": false,
      "locked": {
        "lastModified": 1751922694,
        "narHash": "sha256-pIljgQYXR/jbZVl/YUqRSg5i9JNurdpL1zydGar7OD4=",
        "owner": "cptpiepmatz",
        "repo": "nu-jupyter-kernel",
        "rev": "e347515795e83348da50babd5670e5a44eab52aa",
        "type": "github"
      },
      "original": {
        "owner": "cptpiepmatz",
        "repo": "nu-jupyter-kernel",
        "type": "github"
      }
    },
    "nu_plugin_port_extension": {
      "flake": false,
      "locked": {
        "lastModified": 1752541738,
        "narHash": "sha256-awocJO6oNTHPnqzcpgejnW0pTzX9F/qBxw/1YzVl+5Q=",
        "owner": "FMotalleb",
        "repo": "nu_plugin_port_extension",
        "rev": "a8b94c41da62d75311c82e87ffa6416a8cfc62ee",
        "type": "github"
      },
      "original": {
        "owner": "FMotalleb",
        "repo": "nu_plugin_port_extension",
        "type": "github"
      }
    },
    "nu_plugin_prometheus": {
      "flake": false,
      "locked": {
        "lastModified": 1746556263,
        "narHash": "sha256-bcAzfSaSvxOvlyJAmaxLHaPbGxhvVShawZ8mGTEABAY=",
        "owner": "drbrain",
        "repo": "nu_plugin_prometheus",
        "rev": "4a006851e56ceb474b93fc3f2d1980304065fce4",
        "type": "github"
      },
      "original": {
        "owner": "drbrain",
        "repo": "nu_plugin_prometheus",
        "type": "github"
      }
    },
    "nu_plugin_semver": {
      "flake": false,
      "locked": {
        "lastModified": 1749702781,
        "narHash": "sha256-2H30cWUk7JGFwl/v5NRO9BlkEQ+hek4UfuirzuFECKo=",
        "owner": "abusch",
        "repo": "nu_plugin_semver",
        "rev": "7b07ce540d928d82aaecf7d1f78e5c4ea45fa893",
        "type": "github"
      },
      "original": {
        "owner": "abusch",
        "repo": "nu_plugin_semver",
        "type": "github"
      }
    },
    "nu_plugin_skim": {
      "flake": false,
      "locked": {
        "lastModified": 1749591132,
        "narHash": "sha256-8gO6pT40zBlFxPRapIO9qpMI9whutttqYgOPr91B9Ec=",
        "owner": "idanarye",
        "repo": "nu_plugin_skim",
        "rev": "613d520df8fc3a493cdc5284c68c4031263f0eea",
        "type": "github"
      },
      "original": {
        "owner": "idanarye",
        "repo": "nu_plugin_skim",
        "type": "github"
      }
    },
    "nu_plugin_sled": {
      "flake": false,
      "locked": {
        "lastModified": 1746647102,
        "narHash": "sha256-SLRkzGR0csXxlt+MgbYsB2ypIGCZ52kkO4pEAnp2AWI=",
        "owner": "mrxiaozhuox",
        "repo": "nu_plugin_sled",
        "rev": "e129c66f955312b452a265985a55ba06a8497741",
        "type": "github"
      },
      "original": {
        "owner": "mrxiaozhuox",
        "repo": "nu_plugin_sled",
        "type": "github"
      }
    },
    "nu_plugin_strutils": {
      "flake": false,
      "locked": {
        "lastModified": 1750175046,
        "narHash": "sha256-8z5Cqy8kE9wOmSaIRllsoyZdCB9JalVEZ7aY+zIimEc=",
        "owner": "fdncred",
        "repo": "nu_plugin_strutils",
        "rev": "77b10b8517e9fb601d92eed2f0de424884fc2c4f",
        "type": "github"
      },
      "original": {
        "owner": "fdncred",
        "repo": "nu_plugin_strutils",
        "type": "github"
      }
    },
    "nu_plugin_ulid": {
      "flake": false,
      "locked": {
        "lastModified": 1749662186,
        "narHash": "sha256-uUD0WhmQKRA+h0WAOwhiAy1BqPEoUhFbdif+55fQuSI=",
        "owner": "lizclipse",
        "repo": "nu_plugin_ulid",
        "rev": "1709d04aa590fedda589e58b01ed259844a5bde1",
        "type": "github"
      },
      "original": {
        "owner": "lizclipse",
        "repo": "nu_plugin_ulid",
        "type": "github"
      }
    },
    "nu_plugin_vec": {
      "flake": false,
      "locked": {
        "lastModified": 1749667597,
        "narHash": "sha256-Trkg46t2xaIr0Z45XFiQ+RqA3Emt9gWRCVZ3JJG/7lM=",
        "owner": "PhotonBursted",
        "repo": "nu_plugin_vec",
        "rev": "69745d9b17853ff33989b14546fbc51b1ff167d8",
        "type": "github"
      },
      "original": {
        "owner": "PhotonBursted",
        "repo": "nu_plugin_vec",
        "type": "github"
      }
    },
    "parts": {
      "inputs": {
        "nixpkgs-lib": [
          "nci",
          "nixpkgs"
        ]
      },
      "locked": {
        "lastModified": 1751413152,
        "narHash": "sha256-Tyw1RjYEsp5scoigs1384gIg6e0GoBVjms4aXFfRssQ=",
        "owner": "hercules-ci",
        "repo": "flake-parts",
        "rev": "77826244401ea9de6e3bac47c2db46005e1f30b5",
        "type": "github"
      },
      "original": {
        "owner": "hercules-ci",
        "repo": "flake-parts",
        "type": "github"
      }
    },
    "parts_2": {
      "inputs": {
        "nixpkgs-lib": [
          "nixpkgs"
        ]
      },
      "locked": {
        "lastModified": 1751413152,
        "narHash": "sha256-Tyw1RjYEsp5scoigs1384gIg6e0GoBVjms4aXFfRssQ=",
        "owner": "hercules-ci",
        "repo": "flake-parts",
        "rev": "77826244401ea9de6e3bac47c2db46005e1f30b5",
        "type": "github"
      },
      "original": {
        "owner": "hercules-ci",
        "repo": "flake-parts",
        "type": "github"
      }
    },
    "purescript-overlay": {
      "inputs": {
        "flake-compat": "flake-compat",
        "nixpkgs": [
          "nci",
          "dream2nix",
          "nixpkgs"
        ],
        "slimlock": "slimlock"
      },
      "locked": {
        "lastModified": 1728546539,
        "narHash": "sha256-Sws7w0tlnjD+Bjck1nv29NjC5DbL6nH5auL9Ex9Iz2A=",
        "owner": "thomashoneyman",
        "repo": "purescript-overlay",
        "rev": "4ad4c15d07bd899d7346b331f377606631eb0ee4",
        "type": "github"
      },
      "original": {
        "owner": "thomashoneyman",
        "repo": "purescript-overlay",
        "type": "github"
      }
    },
    "pyproject-nix": {
      "inputs": {
        "nixpkgs": [
          "nci",
          "dream2nix",
          "nixpkgs"
        ]
      },
      "locked": {
        "lastModified": 1752481895,
        "narHash": "sha256-luVj97hIMpCbwhx3hWiRwjP2YvljWy8FM+4W9njDhLA=",
        "owner": "pyproject-nix",
        "repo": "pyproject.nix",
        "rev": "16ee295c25107a94e59a7fc7f2e5322851781162",
        "type": "github"
      },
      "original": {
        "owner": "pyproject-nix",
        "repo": "pyproject.nix",
        "type": "github"
      }
    },
    "root": {
      "inputs": {
        "nci": "nci",
        "nixpkgs": "nixpkgs",
        "nu_plugin_audio_hook": "nu_plugin_audio_hook",
        "nu_plugin_clipboard": "nu_plugin_clipboard",
        "nu_plugin_desktop_notifications": "nu_plugin_desktop_notifications",
        "nu_plugin_emoji": "nu_plugin_emoji",
        "nu_plugin_file": "nu_plugin_file",
        "nu_plugin_plotters": "nu_plugin_plotters",
        "nu_plugin_port_extension": "nu_plugin_port_extension",
        "nu_plugin_prometheus": "nu_plugin_prometheus",
        "nu_plugin_semver": "nu_plugin_semver",
        "nu_plugin_skim": "nu_plugin_skim",
        "nu_plugin_sled": "nu_plugin_sled",
        "nu_plugin_strutils": "nu_plugin_strutils",
        "nu_plugin_ulid": "nu_plugin_ulid",
        "nu_plugin_vec": "nu_plugin_vec",
        "parts": "parts_2"
      }
    },
    "rust-overlay": {
      "inputs": {
        "nixpkgs": [
          "nci",
          "nixpkgs"
        ]
      },
      "locked": {
        "lastModified": 1752633862,
        "narHash": "sha256-Bj7ozT1+5P7NmvDcuAXJvj56txcXuAhk3Vd9FdWFQzk=",
        "owner": "oxalica",
        "repo": "rust-overlay",
        "rev": "8668ca94858206ac3db0860a9dec471de0d995f8",
        "type": "github"
      },
      "original": {
        "owner": "oxalica",
        "repo": "rust-overlay",
        "type": "github"
      }
    },
    "slimlock": {
      "inputs": {
        "nixpkgs": [
          "nci",
          "dream2nix",
          "purescript-overlay",
          "nixpkgs"
        ]
      },
      "locked": {
        "lastModified": 1688756706,
        "narHash": "sha256-xzkkMv3neJJJ89zo3o2ojp7nFeaZc2G0fYwNXNJRFlo=",
        "owner": "thomashoneyman",
        "repo": "slimlock",
        "rev": "cf72723f59e2340d24881fd7bf61cb113b4c407c",
        "type": "github"
      },
      "original": {
        "owner": "thomashoneyman",
        "repo": "slimlock",
        "type": "github"
      }
    },
    "treefmt": {
      "inputs": {
        "nixpkgs": [
          "nci",
          "nixpkgs"
        ]
      },
      "locked": {
        "lastModified": 1752055615,
        "narHash": "sha256-19m7P4O/Aw/6+CzncWMAJu89JaKeMh3aMle1CNQSIwM=",
        "owner": "numtide",
        "repo": "treefmt-nix",
        "rev": "c9d477b5d5bd7f26adddd3f96cfd6a904768d4f9",
        "type": "github"
      },
      "original": {
        "owner": "numtide",
        "repo": "treefmt-nix",
        "type": "github"
      }
    }
  },
  "root": "root",
  "version": 7
}
